
Microsoft Visual Studio Solution File, Format Version 12.00
# Visual Studio 15
VisualStudioVersion = 15.0.26124.0
MinimumVisualStudioVersion = 15.0.26124.0
Project("{FAE04EC0-301F-11D3-BF4B-00C04F79EFBC}") = "Modelo", "Modelo\Modelo.csproj", "{49B42168-4E61-4E69-A3F5-21B44611E9C2}"
EndProject
Project("{FAE04EC0-301F-11D3-BF4B-00C04F79EFBC}") = "Aplicacion", "Aplicacion\Aplicacion.csproj", "{72548381-5499-480C-A42B-C595F657B2AA}"
EndProject
Project("{FAE04EC0-301F-11D3-BF4B-00C04F79EFBC}") = "Persistencia", "Persistencia\Persistencia.csproj", "{03C645BD-A2C0-4BDD-AC19-3DE425417244}"
EndProject
Project("{FAE04EC0-301F-11D3-BF4B-00C04F79EFBC}") = "WApi", "WApi\WApi.csproj", "{77FB3655-CF4C-42F0-8645-829BA9BFF970}"
EndProject
Global
	GlobalSection(SolutionConfigurationPlatforms) = preSolution
		Debug|Any CPU = Debug|Any CPU
		Debug|x64 = Debug|x64
		Debug|x86 = Debug|x86
		Release|Any CPU = Release|Any CPU
		Release|x64 = Release|x64
		Release|x86 = Release|x86
	EndGlobalSection
	GlobalSection(SolutionProperties) = preSolution
		HideSolutionNode = FALSE
	EndGlobalSection
	GlobalSection(ProjectConfigurationPlatforms) = postSolution
		{49B42168-4E61-4E69-A3F5-21B44611E9C2}.Debug|Any CPU.ActiveCfg = Debug|Any CPU
		{49B42168-4E61-4E69-A3F5-21B44611E9C2}.Debug|Any CPU.Build.0 = Debug|Any CPU
		{49B42168-4E61-4E69-A3F5-21B44611E9C2}.Debug|x64.ActiveCfg = Debug|Any CPU
		{49B42168-4E61-4E69-A3F5-21B44611E9C2}.Debug|x64.Build.0 = Debug|Any CPU
		{49B42168-4E61-4E69-A3F5-21B44611E9C2}.Debug|x86.ActiveCfg = Debug|Any CPU
		{49B42168-4E61-4E69-A3F5-21B44611E9C2}.Debug|x86.Build.0 = Debug|Any CPU
		{49B42168-4E61-4E69-A3F5-21B44611E9C2}.Release|Any CPU.ActiveCfg = Release|Any CPU
		{49B42168-4E61-4E69-A3F5-21B44611E9C2}.Release|Any CPU.Build.0 = Release|Any CPU
		{49B42168-4E61-4E69-A3F5-21B44611E9C2}.Release|x64.ActiveCfg = Release|Any CPU
		{49B42168-4E61-4E69-A3F5-21B44611E9C2}.Release|x64.Build.0 = Release|Any CPU
		{49B42168-4E61-4E69-A3F5-21B44611E9C2}.Release|x86.ActiveCfg = Release|Any CPU
		{49B42168-4E61-4E69-A3F5-21B44611E9C2}.Release|x86.Build.0 = Release|Any CPU
		{72548381-5499-480C-A42B-C595F657B2AA}.Debug|Any CPU.ActiveCfg = Debug|Any CPU
		{72548381-5499-480C-A42B-C595F657B2AA}.Debug|Any CPU.Build.0 = Debug|Any CPU
		{72548381-5499-480C-A42B-C595F657B2AA}.Debug|x64.ActiveCfg = Debug|Any CPU
		{72548381-5499-480C-A42B-C595F657B2AA}.Debug|x64.Build.0 = Debug|Any CPU
		{72548381-5499-480C-A42B-C595F657B2AA}.Debug|x86.ActiveCfg = Debug|Any CPU
		{72548381-5499-480C-A42B-C595F657B2AA}.Debug|x86.Build.0 = Debug|Any CPU
		{72548381-5499-480C-A42B-C595F657B2AA}.Release|Any CPU.ActiveCfg = Release|Any CPU
		{72548381-5499-480C-A42B-C595F657B2AA}.Release|Any CPU.Build.0 = Release|Any CPU
		{72548381-5499-480C-A42B-C595F657B2AA}.Release|x64.ActiveCfg = Release|Any CPU
		{72548381-5499-480C-A42B-C595F657B2AA}.Release|x64.Build.0 = Release|Any CPU
		{72548381-5499-480C-A42B-C595F657B2AA}.Release|x86.ActiveCfg = Release|Any CPU
		{72548381-5499-480C-A42B-C595F657B2AA}.Release|x86.Build.0 = Release|Any CPU
		{03C645BD-A2C0-4BDD-AC19-3DE425417244}.Debug|Any CPU.ActiveCfg = Debug|Any CPU
		{03C645BD-A2C0-4BDD-AC19-3DE425417244}.Debug|Any CPU.Build.0 = Debug|Any CPU
		{03C645BD-A2C0-4BDD-AC19-3DE425417244}.Debug|x64.ActiveCfg = Debug|Any CPU
		{03C645BD-A2C0-4BDD-AC19-3DE425417244}.Debug|x64.Build.0 = Debug|Any CPU
		{03C645BD-A2C0-4BDD-AC19-3DE425417244}.Debug|x86.ActiveCfg = Debug|Any CPU
		{03C645BD-A2C0-4BDD-AC19-3DE425417244}.Debug|x86.Build.0 = Debug|Any CPU
		{03C645BD-A2C0-4BDD-AC19-3DE425417244}.Release|Any CPU.ActiveCfg = Release|Any CPU
		{03C645BD-A2C0-4BDD-AC19-3DE425417244}.Release|Any CPU.Build.0 = Release|Any CPU
		{03C645BD-A2C0-4BDD-AC19-3DE425417244}.Release|x64.ActiveCfg = Release|Any CPU
		{03C645BD-A2C0-4BDD-AC19-3DE425417244}.Release|x64.Build.0 = Release|Any CPU
		{03C645BD-A2C0-4BDD-AC19-3DE425417244}.Release|x86.ActiveCfg = Release|Any CPU
		{03C645BD-A2C0-4BDD-AC19-3DE425417244}.Release|x86.Build.0 = Release|Any CPU
		{77FB3655-CF4C-42F0-8645-829BA9BFF970}.Debug|Any CPU.ActiveCfg = Debug|Any CPU
		{77FB3655-CF4C-42F0-8645-829BA9BFF970}.Debug|Any CPU.Build.0 = Debug|Any CPU
		{77FB3655-CF4C-42F0-8645-829BA9BFF970}.Debug|x64.ActiveCfg = Debug|Any CPU
		{77FB3655-CF4C-42F0-8645-829BA9BFF970}.Debug|x64.Build.0 = Debug|Any CPU
		{77FB3655-CF4C-42F0-8645-829BA9BFF970}.Debug|x86.ActiveCfg = Debug|Any CPU
		{77FB3655-CF4C-42F0-8645-829BA9BFF970}.Debug|x86.Build.0 = Debug|Any CPU
		{77FB3655-CF4C-42F0-8645-829BA9BFF970}.Release|Any CPU.ActiveCfg = Release|Any CPU
		{77FB3655-CF4C-42F0-8645-829BA9BFF970}.Release|Any CPU.Build.0 = Release|Any CPU
		{77FB3655-CF4C-42F0-8645-829BA9BFF970}.Release|x64.ActiveCfg = Release|Any CPU
		{77FB3655-CF4C-42F0-8645-829BA9BFF970}.Release|x64.Build.0 = Release|Any CPU
		{77FB3655-CF4C-42F0-8645-829BA9BFF970}.Release|x86.ActiveCfg = Release|Any CPU
		{77FB3655-CF4C-42F0-8645-829BA9BFF970}.Release|x86.Build.0 = Release|Any CPU
	EndGlobalSection
EndGlobal
